
Microsoft Visual Studio Solution File, Format Version 12.00
# Visual Studio Version 16
VisualStudioVersion = 16.0.31205.134
MinimumVisualStudioVersion = 10.0.40219.1
Project("{9A19103F-16F7-4668-BE54-9A1E7A4F7556}") = "ConsoleClient", "ConsoleClient.csproj", "{0A277E05-87CD-41E7-ABF6-612FF5C4ED12}"
EndProject
Project("{9A19103F-16F7-4668-BE54-9A1E7A4F7556}") = "ASPCoreServer", "..\ASPCoreServer\ASPCoreServer.csproj", "{53F40E13-BE34-4E7E-AD3E-308466CDE8F4}"
EndProject
Project("{FAE04EC0-301F-11D3-BF4B-00C04F79EFBC}") = "WindowsFormsClient", "..\WindowsFormsClient\WindowsFormsClient.csproj", "{2A3AE8DD-B99E-4F48-A440-C02A10E7D15E}"
EndProject
Project("{FAE04EC0-301F-11D3-BF4B-00C04F79EFBC}") = "ConsoleMessengerWithGUI", "..\ConsoleMessengerWithGUI\ConsoleMessengerWithGUI.csproj", "{AFBF9C94-4A31-4715-8877-E3DCAF6032B1}"
EndProject
Global
	GlobalSection(SolutionConfigurationPlatforms) = preSolution
		Debug|Any CPU = Debug|Any CPU
		Release|Any CPU = Release|Any CPU
	EndGlobalSection
	GlobalSection(ProjectConfigurationPlatforms) = postSolution
		{0A277E05-87CD-41E7-ABF6-612FF5C4ED12}.Debug|Any CPU.ActiveCfg = Debug|Any CPU
		{0A277E05-87CD-41E7-ABF6-612FF5C4ED12}.Debug|Any CPU.Build.0 = Debug|Any CPU
		{0A277E05-87CD-41E7-ABF6-612FF5C4ED12}.Release|Any CPU.ActiveCfg = Release|Any CPU
		{0A277E05-87CD-41E7-ABF6-612FF5C4ED12}.Release|Any CPU.Build.0 = Release|Any CPU
		{53F40E13-BE34-4E7E-AD3E-308466CDE8F4}.Debug|Any CPU.ActiveCfg = Debug|Any CPU
		{53F40E13-BE34-4E7E-AD3E-308466CDE8F4}.Debug|Any CPU.Build.0 = Debug|Any CPU
		{53F40E13-BE34-4E7E-AD3E-308466CDE8F4}.Release|Any CPU.ActiveCfg = Release|Any CPU
		{53F40E13-BE34-4E7E-AD3E-308466CDE8F4}.Release|Any CPU.Build.0 = Release|Any CPU
		{2A3AE8DD-B99E-4F48-A440-C02A10E7D15E}.Debug|Any CPU.ActiveCfg = Debug|Any CPU
		{2A3AE8DD-B99E-4F48-A440-C02A10E7D15E}.Debug|Any CPU.Build.0 = Debug|Any CPU
		{2A3AE8DD-B99E-4F48-A440-C02A10E7D15E}.Release|Any CPU.ActiveCfg = Release|Any CPU
		{2A3AE8DD-B99E-4F48-A440-C02A10E7D15E}.Release|Any CPU.Build.0 = Release|Any CPU
		{AFBF9C94-4A31-4715-8877-E3DCAF6032B1}.Debug|Any CPU.ActiveCfg = Debug|Any CPU
		{AFBF9C94-4A31-4715-8877-E3DCAF6032B1}.Debug|Any CPU.Build.0 = Debug|Any CPU
		{AFBF9C94-4A31-4715-8877-E3DCAF6032B1}.Release|Any CPU.ActiveCfg = Release|Any CPU
		{AFBF9C94-4A31-4715-8877-E3DCAF6032B1}.Release|Any CPU.Build.0 = Release|Any CPU
	EndGlobalSection
	GlobalSection(SolutionProperties) = preSolution
		HideSolutionNode = FALSE
	EndGlobalSection
	GlobalSection(ExtensibilityGlobals) = postSolution
		SolutionGuid = {35F5E00F-D8B4-499C-9C24-14B45861D837}
	EndGlobalSection
EndGlobal
